// !$*UTF8*$!
{
	archiveVersion = 1;
	classes = {
	};
	objectVersion = 55;
	objects = {

/* Begin PBXBuildFile section */
		B8C74BA2278753010089BE85 /* AppDelegate.swift in Sources */ = {isa = PBXBuildFile; fileRef = B8C74BA1278753010089BE85 /* AppDelegate.swift */; };
		B8C74BA4278753010089BE85 /* SceneDelegate.swift in Sources */ = {isa = PBXBuildFile; fileRef = B8C74BA3278753010089BE85 /* SceneDelegate.swift */; };
		B8C74BAB278753010089BE85 /* Assets.xcassets in Resources */ = {isa = PBXBuildFile; fileRef = B8C74BAA278753010089BE85 /* Assets.xcassets */; };
		B8C74BAE278753010089BE85 /* LaunchScreen.storyboard in Resources */ = {isa = PBXBuildFile; fileRef = B8C74BAC278753010089BE85 /* LaunchScreen.storyboard */; };
		B8C74BBC278753D10089BE85 /* HomeViewController.swift in Sources */ = {isa = PBXBuildFile; fileRef = B8C74BBB278753D10089BE85 /* HomeViewController.swift */; };
		B8C74BC0278753F10089BE85 /* Constants.swift in Sources */ = {isa = PBXBuildFile; fileRef = B8C74BBF278753F10089BE85 /* Constants.swift */; };
		B8C74BC22787543F0089BE85 /* Car.swift in Sources */ = {isa = PBXBuildFile; fileRef = B8C74BC12787543F0089BE85 /* Car.swift */; };
		B8C74BC5278755B10089BE85 /* NetwrokingErrors.swift in Sources */ = {isa = PBXBuildFile; fileRef = B8C74BC4278755B10089BE85 /* NetwrokingErrors.swift */; };
		B8C74BC7278755E70089BE85 /* ParseDataManager.swift in Sources */ = {isa = PBXBuildFile; fileRef = B8C74BC6278755E70089BE85 /* ParseDataManager.swift */; };
		B8C74BC9278755FD0089BE85 /* NetworkingManager.swift in Sources */ = {isa = PBXBuildFile; fileRef = B8C74BC8278755FD0089BE85 /* NetworkingManager.swift */; };
		B8C74BCB278756770089BE85 /* NavTitleLabel.swift in Sources */ = {isa = PBXBuildFile; fileRef = B8C74BCA278756770089BE85 /* NavTitleLabel.swift */; };
		B8C74BCD27875B980089BE85 /* SearchBar.swift in Sources */ = {isa = PBXBuildFile; fileRef = B8C74BCC27875B980089BE85 /* SearchBar.swift */; };
		B8C74BCF27878C950089BE85 /* SectionTitle.swift in Sources */ = {isa = PBXBuildFile; fileRef = B8C74BCE27878C950089BE85 /* SectionTitle.swift */; };
		B8C74BD12788AEED0089BE85 /* BrandCell.swift in Sources */ = {isa = PBXBuildFile; fileRef = B8C74BD02788AEED0089BE85 /* BrandCell.swift */; };
		B8C74BD32788CE990089BE85 /* CarCell.swift in Sources */ = {isa = PBXBuildFile; fileRef = B8C74BD22788CE990089BE85 /* CarCell.swift */; };
		B8C74BD527898DC50089BE85 /* StandardVerticalStack.swift in Sources */ = {isa = PBXBuildFile; fileRef = B8C74BD427898DC50089BE85 /* StandardVerticalStack.swift */; };
		B8C74BD8278992EF0089BE85 /* StandardHorizontalStack.swift in Sources */ = {isa = PBXBuildFile; fileRef = B8C74BD7278992EF0089BE85 /* StandardHorizontalStack.swift */; };
		B8C74BDA278994EC0089BE85 /* CarInfoLabel.swift in Sources */ = {isa = PBXBuildFile; fileRef = B8C74BD9278994EC0089BE85 /* CarInfoLabel.swift */; };
/* End PBXBuildFile section */

/* Begin PBXFileReference section */
		B8C74B9E278753010089BE85 /* RentCarApp.app */ = {isa = PBXFileReference; explicitFileType = wrapper.application; includeInIndex = 0; path = RentCarApp.app; sourceTree = BUILT_PRODUCTS_DIR; };
		B8C74BA1278753010089BE85 /* AppDelegate.swift */ = {isa = PBXFileReference; lastKnownFileType = sourcecode.swift; path = AppDelegate.swift; sourceTree = "<group>"; };
		B8C74BA3278753010089BE85 /* SceneDelegate.swift */ = {isa = PBXFileReference; lastKnownFileType = sourcecode.swift; path = SceneDelegate.swift; sourceTree = "<group>"; };
		B8C74BAA278753010089BE85 /* Assets.xcassets */ = {isa = PBXFileReference; lastKnownFileType = folder.assetcatalog; path = Assets.xcassets; sourceTree = "<group>"; };
		B8C74BAD278753010089BE85 /* Base */ = {isa = PBXFileReference; lastKnownFileType = file.storyboard; name = Base; path = Base.lproj/LaunchScreen.storyboard; sourceTree = "<group>"; };
		B8C74BAF278753010089BE85 /* Info.plist */ = {isa = PBXFileReference; lastKnownFileType = text.plist.xml; path = Info.plist; sourceTree = "<group>"; };
		B8C74BBB278753D10089BE85 /* HomeViewController.swift */ = {isa = PBXFileReference; lastKnownFileType = sourcecode.swift; path = HomeViewController.swift; sourceTree = "<group>"; };
		B8C74BBF278753F10089BE85 /* Constants.swift */ = {isa = PBXFileReference; lastKnownFileType = sourcecode.swift; path = Constants.swift; sourceTree = "<group>"; };
		B8C74BC12787543F0089BE85 /* Car.swift */ = {isa = PBXFileReference; lastKnownFileType = sourcecode.swift; path = Car.swift; sourceTree = "<group>"; };
		B8C74BC4278755B10089BE85 /* NetwrokingErrors.swift */ = {isa = PBXFileReference; lastKnownFileType = sourcecode.swift; path = NetwrokingErrors.swift; sourceTree = "<group>"; };
		B8C74BC6278755E70089BE85 /* ParseDataManager.swift */ = {isa = PBXFileReference; lastKnownFileType = sourcecode.swift; path = ParseDataManager.swift; sourceTree = "<group>"; };
		B8C74BC8278755FD0089BE85 /* NetworkingManager.swift */ = {isa = PBXFileReference; lastKnownFileType = sourcecode.swift; path = NetworkingManager.swift; sourceTree = "<group>"; };
		B8C74BCA278756770089BE85 /* NavTitleLabel.swift */ = {isa = PBXFileReference; lastKnownFileType = sourcecode.swift; path = NavTitleLabel.swift; sourceTree = "<group>"; };
		B8C74BCC27875B980089BE85 /* SearchBar.swift */ = {isa = PBXFileReference; lastKnownFileType = sourcecode.swift; path = SearchBar.swift; sourceTree = "<group>"; };
		B8C74BCE27878C950089BE85 /* SectionTitle.swift */ = {isa = PBXFileReference; lastKnownFileType = sourcecode.swift; path = SectionTitle.swift; sourceTree = "<group>"; };
		B8C74BD02788AEED0089BE85 /* BrandCell.swift */ = {isa = PBXFileReference; lastKnownFileType = sourcecode.swift; path = BrandCell.swift; sourceTree = "<group>"; };
		B8C74BD22788CE990089BE85 /* CarCell.swift */ = {isa = PBXFileReference; lastKnownFileType = sourcecode.swift; path = CarCell.swift; sourceTree = "<group>"; };
		B8C74BD427898DC50089BE85 /* StandardVerticalStack.swift */ = {isa = PBXFileReference; lastKnownFileType = sourcecode.swift; path = StandardVerticalStack.swift; sourceTree = "<group>"; };
		B8C74BD7278992EF0089BE85 /* StandardHorizontalStack.swift */ = {isa = PBXFileReference; lastKnownFileType = sourcecode.swift; path = StandardHorizontalStack.swift; sourceTree = "<group>"; };
		B8C74BD9278994EC0089BE85 /* CarInfoLabel.swift */ = {isa = PBXFileReference; lastKnownFileType = sourcecode.swift; path = CarInfoLabel.swift; sourceTree = "<group>"; };
/* End PBXFileReference section */

/* Begin PBXFrameworksBuildPhase section */
		B8C74B9B278753010089BE85 /* Frameworks */ = {
			isa = PBXFrameworksBuildPhase;
			buildActionMask = 2147483647;
			files = (
			);
			runOnlyForDeploymentPostprocessing = 0;
		};
/* End PBXFrameworksBuildPhase section */

/* Begin PBXGroup section */
		B8C74B95278753010089BE85 = {
			isa = PBXGroup;
			children = (
				B8C74BA0278753010089BE85 /* RentCarApp */,
				B8C74B9F278753010089BE85 /* Products */,
			);
			sourceTree = "<group>";
		};
		B8C74B9F278753010089BE85 /* Products */ = {
			isa = PBXGroup;
			children = (
				B8C74B9E278753010089BE85 /* RentCarApp.app */,
			);
			name = Products;
			sourceTree = "<group>";
		};
		B8C74BA0278753010089BE85 /* RentCarApp */ = {
			isa = PBXGroup;
			children = (
				B8C74BB5278753410089BE85 /* App */,
				B8C74BB62787538F0089BE85 /* Features */,
				B8C74BBD278753D90089BE85 /* Base */,
				B8C74BAA278753010089BE85 /* Assets.xcassets */,
				B8C74BAF278753010089BE85 /* Info.plist */,
			);
			path = RentCarApp;
			sourceTree = "<group>";
		};
		B8C74BB5278753410089BE85 /* App */ = {
			isa = PBXGroup;
			children = (
				B8C74BA1278753010089BE85 /* AppDelegate.swift */,
				B8C74BA3278753010089BE85 /* SceneDelegate.swift */,
				B8C74BAC278753010089BE85 /* LaunchScreen.storyboard */,
			);
			path = App;
			sourceTree = "<group>";
		};
		B8C74BB62787538F0089BE85 /* Features */ = {
			isa = PBXGroup;
			children = (
				B8C74BB72787539A0089BE85 /* Home */,
				B8C74BD6278992900089BE85 /* Components */,
				B8C74BC32787559B0089BE85 /* Networking */,
			);
			path = Features;
			sourceTree = "<group>";
		};
		B8C74BB72787539A0089BE85 /* Home */ = {
			isa = PBXGroup;
			children = (
				B8C74BB82787539F0089BE85 /* Model */,
				B8C74BBA278753AF0089BE85 /* View */,
				B8C74BB9278753A50089BE85 /* Controller */,
			);
			path = Home;
			sourceTree = "<group>";
		};
		B8C74BB82787539F0089BE85 /* Model */ = {
			isa = PBXGroup;
			children = (
				B8C74BC12787543F0089BE85 /* Car.swift */,
			);
			path = Model;
			sourceTree = "<group>";
		};
		B8C74BB9278753A50089BE85 /* Controller */ = {
			isa = PBXGroup;
			children = (
				B8C74BBB278753D10089BE85 /* HomeViewController.swift */,
			);
			path = Controller;
			sourceTree = "<group>";
		};
		B8C74BBA278753AF0089BE85 /* View */ = {
			isa = PBXGroup;
			children = (
				B8C74BCA278756770089BE85 /* NavTitleLabel.swift */,
				B8C74BCC27875B980089BE85 /* SearchBar.swift */,
				B8C74BD9278994EC0089BE85 /* CarInfoLabel.swift */,
				B8C74BD02788AEED0089BE85 /* BrandCell.swift */,
				B8C74BD22788CE990089BE85 /* CarCell.swift */,
			);
			path = View;
			sourceTree = "<group>";
		};
		B8C74BBD278753D90089BE85 /* Base */ = {
			isa = PBXGroup;
			children = (
				B8C74BBE278753E20089BE85 /* Constants */,
			);
			path = Base;
			sourceTree = "<group>";
		};
		B8C74BBE278753E20089BE85 /* Constants */ = {
			isa = PBXGroup;
			children = (
				B8C74BBF278753F10089BE85 /* Constants.swift */,
			);
			path = Constants;
			sourceTree = "<group>";
		};
		B8C74BC32787559B0089BE85 /* Networking */ = {
			isa = PBXGroup;
			children = (
				B8C74BC8278755FD0089BE85 /* NetworkingManager.swift */,
				B8C74BC6278755E70089BE85 /* ParseDataManager.swift */,
				B8C74BC4278755B10089BE85 /* NetwrokingErrors.swift */,
			);
			path = Networking;
			sourceTree = "<group>";
		};
		B8C74BD6278992900089BE85 /* Components */ = {
			isa = PBXGroup;
			children = (
				B8C74BCE27878C950089BE85 /* SectionTitle.swift */,
				B8C74BD427898DC50089BE85 /* StandardVerticalStack.swift */,
				B8C74BD7278992EF0089BE85 /* StandardHorizontalStack.swift */,
			);
			path = Components;
			sourceTree = "<group>";
		};
/* End PBXGroup section */

/* Begin PBXNativeTarget section */
		B8C74B9D278753010089BE85 /* RentCarApp */ = {
			isa = PBXNativeTarget;
			buildConfigurationList = B8C74BB2278753010089BE85 /* Build configuration list for PBXNativeTarget "RentCarApp" */;
			buildPhases = (
				B8C74B9A278753010089BE85 /* Sources */,
				B8C74B9B278753010089BE85 /* Frameworks */,
				B8C74B9C278753010089BE85 /* Resources */,
			);
			buildRules = (
			);
			dependencies = (
			);
			name = RentCarApp;
			productName = RentCarApp;
			productReference = B8C74B9E278753010089BE85 /* RentCarApp.app */;
			productType = "com.apple.product-type.application";
		};
/* End PBXNativeTarget section */

/* Begin PBXProject section */
		B8C74B96278753010089BE85 /* Project object */ = {
			isa = PBXProject;
			attributes = {
				BuildIndependentTargetsInParallel = 1;
				LastSwiftUpdateCheck = 1310;
				LastUpgradeCheck = 1310;
				TargetAttributes = {
					B8C74B9D278753010089BE85 = {
						CreatedOnToolsVersion = 13.1;
					};
				};
			};
			buildConfigurationList = B8C74B99278753010089BE85 /* Build configuration list for PBXProject "RentCarApp" */;
			compatibilityVersion = "Xcode 13.0";
			developmentRegion = en;
			hasScannedForEncodings = 0;
			knownRegions = (
				en,
				Base,
			);
			mainGroup = B8C74B95278753010089BE85;
			productRefGroup = B8C74B9F278753010089BE85 /* Products */;
			projectDirPath = "";
			projectRoot = "";
			targets = (
				B8C74B9D278753010089BE85 /* RentCarApp */,
			);
		};
/* End PBXProject section */

/* Begin PBXResourcesBuildPhase section */
		B8C74B9C278753010089BE85 /* Resources */ = {
			isa = PBXResourcesBuildPhase;
			buildActionMask = 2147483647;
			files = (
				B8C74BAE278753010089BE85 /* LaunchScreen.storyboard in Resources */,
				B8C74BAB278753010089BE85 /* Assets.xcassets in Resources */,
			);
			runOnlyForDeploymentPostprocessing = 0;
		};
/* End PBXResourcesBuildPhase section */

/* Begin PBXSourcesBuildPhase section */
		B8C74B9A278753010089BE85 /* Sources */ = {
			isa = PBXSourcesBuildPhase;
			buildActionMask = 2147483647;
			files = (
				B8C74BA2278753010089BE85 /* AppDelegate.swift in Sources */,
				B8C74BCB278756770089BE85 /* NavTitleLabel.swift in Sources */,
				B8C74BCF27878C950089BE85 /* SectionTitle.swift in Sources */,
				B8C74BA4278753010089BE85 /* SceneDelegate.swift in Sources */,
				B8C74BC22787543F0089BE85 /* Car.swift in Sources */,
				B8C74BD12788AEED0089BE85 /* BrandCell.swift in Sources */,
				B8C74BBC278753D10089BE85 /* HomeViewController.swift in Sources */,
				B8C74BC5278755B10089BE85 /* NetwrokingErrors.swift in Sources */,
				B8C74BC9278755FD0089BE85 /* NetworkingManager.swift in Sources */,
				B8C74BCD27875B980089BE85 /* SearchBar.swift in Sources */,
				B8C74BD8278992EF0089BE85 /* StandardHorizontalStack.swift in Sources */,
				B8C74BC7278755E70089BE85 /* ParseDataManager.swift in Sources */,
				B8C74BD32788CE990089BE85 /* CarCell.swift in Sources */,
				B8C74BC0278753F10089BE85 /* Constants.swift in Sources */,
				B8C74BD527898DC50089BE85 /* StandardVerticalStack.swift in Sources */,
				B8C74BDA278994EC0089BE85 /* CarInfoLabel.swift in Sources */,
			);
			runOnlyForDeploymentPostprocessing = 0;
		};
/* End PBXSourcesBuildPhase section */

/* Begin PBXVariantGroup section */
		B8C74BAC278753010089BE85 /* LaunchScreen.storyboard */ = {
			isa = PBXVariantGroup;
			children = (
				B8C74BAD278753010089BE85 /* Base */,
			);
			name = LaunchScreen.storyboard;
			sourceTree = "<group>";
		};
/* End PBXVariantGroup section */

/* Begin XCBuildConfiguration section */
		B8C74BB0278753010089BE85 /* Debug */ = {
			isa = XCBuildConfiguration;
			buildSettings = {
				ALWAYS_SEARCH_USER_PATHS = NO;
				CLANG_ANALYZER_NONNULL = YES;
				CLANG_ANALYZER_NUMBER_OBJECT_CONVERSION = YES_AGGRESSIVE;
				CLANG_CXX_LANGUAGE_STANDARD = "gnu++17";
				CLANG_CXX_LIBRARY = "libc++";
				CLANG_ENABLE_MODULES = YES;
				CLANG_ENABLE_OBJC_ARC = YES;
				CLANG_ENABLE_OBJC_WEAK = YES;
				CLANG_WARN_BLOCK_CAPTURE_AUTORELEASING = YES;
				CLANG_WARN_BOOL_CONVERSION = YES;
				CLANG_WARN_COMMA = YES;
				CLANG_WARN_CONSTANT_CONVERSION = YES;
				CLANG_WARN_DEPRECATED_OBJC_IMPLEMENTATIONS = YES;
				CLANG_WARN_DIRECT_OBJC_ISA_USAGE = YES_ERROR;
				CLANG_WARN_DOCUMENTATION_COMMENTS = YES;
				CLANG_WARN_EMPTY_BODY = YES;
				CLANG_WARN_ENUM_CONVERSION = YES;
				CLANG_WARN_INFINITE_RECURSION = YES;
				CLANG_WARN_INT_CONVERSION = YES;
				CLANG_WARN_NON_LITERAL_NULL_CONVERSION = YES;
				CLANG_WARN_OBJC_IMPLICIT_RETAIN_SELF = YES;
				CLANG_WARN_OBJC_LITERAL_CONVERSION = YES;
				CLANG_WARN_OBJC_ROOT_CLASS = YES_ERROR;
				CLANG_WARN_QUOTED_INCLUDE_IN_FRAMEWORK_HEADER = YES;
				CLANG_WARN_RANGE_LOOP_ANALYSIS = YES;
				CLANG_WARN_STRICT_PROTOTYPES = YES;
				CLANG_WARN_SUSPICIOUS_MOVE = YES;
				CLANG_WARN_UNGUARDED_AVAILABILITY = YES_AGGRESSIVE;
				CLANG_WARN_UNREACHABLE_CODE = YES;
				CLANG_WARN__DUPLICATE_METHOD_MATCH = YES;
				COPY_PHASE_STRIP = NO;
				DEBUG_INFORMATION_FORMAT = dwarf;
				ENABLE_STRICT_OBJC_MSGSEND = YES;
				ENABLE_TESTABILITY = YES;
				GCC_C_LANGUAGE_STANDARD = gnu11;
				GCC_DYNAMIC_NO_PIC = NO;
				GCC_NO_COMMON_BLOCKS = YES;
				GCC_OPTIMIZATION_LEVEL = 0;
				GCC_PREPROCESSOR_DEFINITIONS = (
					"DEBUG=1",
					"$(inherited)",
				);
				GCC_WARN_64_TO_32_BIT_CONVERSION = YES;
				GCC_WARN_ABOUT_RETURN_TYPE = YES_ERROR;
				GCC_WARN_UNDECLARED_SELECTOR = YES;
				GCC_WARN_UNINITIALIZED_AUTOS = YES_AGGRESSIVE;
				GCC_WARN_UNUSED_FUNCTION = YES;
				GCC_WARN_UNUSED_VARIABLE = YES;
				IPHONEOS_DEPLOYMENT_TARGET = 15.0;
				MTL_ENABLE_DEBUG_INFO = INCLUDE_SOURCE;
				MTL_FAST_MATH = YES;
				ONLY_ACTIVE_ARCH = YES;
				SDKROOT = iphoneos;
				SWIFT_ACTIVE_COMPILATION_CONDITIONS = DEBUG;
				SWIFT_OPTIMIZATION_LEVEL = "-Onone";
			};
			name = Debug;
		};
		B8C74BB1278753010089BE85 /* Release */ = {
			isa = XCBuildConfiguration;
			buildSettings = {
				ALWAYS_SEARCH_USER_PATHS = NO;
				CLANG_ANALYZER_NONNULL = YES;
				CLANG_ANALYZER_NUMBER_OBJECT_CONVERSION = YES_AGGRESSIVE;
				CLANG_CXX_LANGUAGE_STANDARD = "gnu++17";
				CLANG_CXX_LIBRARY = "libc++";
				CLANG_ENABLE_MODULES = YES;
				CLANG_ENABLE_OBJC_ARC = YES;
				CLANG_ENABLE_OBJC_WEAK = YES;
				CLANG_WARN_BLOCK_CAPTURE_AUTORELEASING = YES;
				CLANG_WARN_BOOL_CONVERSION = YES;
				CLANG_WARN_COMMA = YES;
				CLANG_WARN_CONSTANT_CONVERSION = YES;
				CLANG_WARN_DEPRECATED_OBJC_IMPLEMENTATIONS = YES;
				CLANG_WARN_DIRECT_OBJC_ISA_USAGE = YES_ERROR;
				CLANG_WARN_DOCUMENTATION_COMMENTS = YES;
				CLANG_WARN_EMPTY_BODY = YES;
				CLANG_WARN_ENUM_CONVERSION = YES;
				CLANG_WARN_INFINITE_RECURSION = YES;
				CLANG_WARN_INT_CONVERSION = YES;
				CLANG_WARN_NON_LITERAL_NULL_CONVERSION = YES;
				CLANG_WARN_OBJC_IMPLICIT_RETAIN_SELF = YES;
				CLANG_WARN_OBJC_LITERAL_CONVERSION = YES;
				CLANG_WARN_OBJC_ROOT_CLASS = YES_ERROR;
				CLANG_WARN_QUOTED_INCLUDE_IN_FRAMEWORK_HEADER = YES;
				CLANG_WARN_RANGE_LOOP_ANALYSIS = YES;
				CLANG_WARN_STRICT_PROTOTYPES = YES;
				CLANG_WARN_SUSPICIOUS_MOVE = YES;
				CLANG_WARN_UNGUARDED_AVAILABILITY = YES_AGGRESSIVE;
				CLANG_WARN_UNREACHABLE_CODE = YES;
				CLANG_WARN__DUPLICATE_METHOD_MATCH = YES;
				COPY_PHASE_STRIP = NO;
				DEBUG_INFORMATION_FORMAT = "dwarf-with-dsym";
				ENABLE_NS_ASSERTIONS = NO;
				ENABLE_STRICT_OBJC_MSGSEND = YES;
				GCC_C_LANGUAGE_STANDARD = gnu11;
				GCC_NO_COMMON_BLOCKS = YES;
				GCC_WARN_64_TO_32_BIT_CONVERSION = YES;
				GCC_WARN_ABOUT_RETURN_TYPE = YES_ERROR;
				GCC_WARN_UNDECLARED_SELECTOR = YES;
				GCC_WARN_UNINITIALIZED_AUTOS = YES_AGGRESSIVE;
				GCC_WARN_UNUSED_FUNCTION = YES;
				GCC_WARN_UNUSED_VARIABLE = YES;
				IPHONEOS_DEPLOYMENT_TARGET = 15.0;
				MTL_ENABLE_DEBUG_INFO = NO;
				MTL_FAST_MATH = YES;
				SDKROOT = iphoneos;
				SWIFT_COMPILATION_MODE = wholemodule;
				SWIFT_OPTIMIZATION_LEVEL = "-O";
				VALIDATE_PRODUCT = YES;
			};
			name = Release;
		};
		B8C74BB3278753010089BE85 /* Debug */ = {
			isa = XCBuildConfiguration;
			buildSettings = {
				ASSETCATALOG_COMPILER_APPICON_NAME = AppIcon;
				ASSETCATALOG_COMPILER_GLOBAL_ACCENT_COLOR_NAME = AccentColor;
				CODE_SIGN_STYLE = Automatic;
				CURRENT_PROJECT_VERSION = 1;
				DEVELOPMENT_TEAM = 838LNUC4N4;
				GENERATE_INFOPLIST_FILE = YES;
				INFOPLIST_FILE = RentCarApp/Info.plist;
				INFOPLIST_KEY_UIApplicationSupportsIndirectInputEvents = YES;
				INFOPLIST_KEY_UILaunchStoryboardName = LaunchScreen;
				INFOPLIST_KEY_UIRequiresFullScreen = YES;
				INFOPLIST_KEY_UISupportedInterfaceOrientations = UIInterfaceOrientationPortrait;
				INFOPLIST_KEY_UISupportedInterfaceOrientations_iPad = "UIInterfaceOrientationPortrait UIInterfaceOrientationPortraitUpsideDown UIInterfaceOrientationLandscapeLeft UIInterfaceOrientationLandscapeRight";
				INFOPLIST_KEY_UISupportedInterfaceOrientations_iPhone = "UIInterfaceOrientationPortrait UIInterfaceOrientationLandscapeLeft UIInterfaceOrientationLandscapeRight";
				IPHONEOS_DEPLOYMENT_TARGET = 13.0;
				LD_RUNPATH_SEARCH_PATHS = (
					"$(inherited)",
					"@executable_path/Frameworks",
				);
				MARKETING_VERSION = 1.0;
				PRODUCT_BUNDLE_IDENTIFIER = pl.smaludzinski.RentCarApp;
				PRODUCT_NAME = "$(TARGET_NAME)";
				SWIFT_EMIT_LOC_STRINGS = YES;
				SWIFT_VERSION = 5.0;
				TARGETED_DEVICE_FAMILY = "1,2";
			};
			name = Debug;
		};
		B8C74BB4278753010089BE85 /* Release */ = {
			isa = XCBuildConfiguration;
			buildSettings = {
				ASSETCATALOG_COMPILER_APPICON_NAME = AppIcon;
				ASSETCATALOG_COMPILER_GLOBAL_ACCENT_COLOR_NAME = AccentColor;
				CODE_SIGN_STYLE = Automatic;
				CURRENT_PROJECT_VERSION = 1;
				DEVELOPMENT_TEAM = 838LNUC4N4;
				GENERATE_INFOPLIST_FILE = YES;
				INFOPLIST_FILE = RentCarApp/Info.plist;
				INFOPLIST_KEY_UIApplicationSupportsIndirectInputEvents = YES;
				INFOPLIST_KEY_UILaunchStoryboardName = LaunchScreen;
				INFOPLIST_KEY_UIRequiresFullScreen = YES;
				INFOPLIST_KEY_UISupportedInterfaceOrientations = UIInterfaceOrientationPortrait;
				INFOPLIST_KEY_UISupportedInterfaceOrientations_iPad = "UIInterfaceOrientationPortrait UIInterfaceOrientationPortraitUpsideDown UIInterfaceOrientationLandscapeLeft UIInterfaceOrientationLandscapeRight";
				INFOPLIST_KEY_UISupportedInterfaceOrientations_iPhone = "UIInterfaceOrientationPortrait UIInterfaceOrientationLandscapeLeft UIInterfaceOrientationLandscapeRight";
				IPHONEOS_DEPLOYMENT_TARGET = 13.0;
				LD_RUNPATH_SEARCH_PATHS = (
					"$(inherited)",
					"@executable_path/Frameworks",
				);
				MARKETING_VERSION = 1.0;
				PRODUCT_BUNDLE_IDENTIFIER = pl.smaludzinski.RentCarApp;
				PRODUCT_NAME = "$(TARGET_NAME)";
				SWIFT_EMIT_LOC_STRINGS = YES;
				SWIFT_VERSION = 5.0;
				TARGETED_DEVICE_FAMILY = "1,2";
			};
			name = Release;
		};
/* End XCBuildConfiguration section */

/* Begin XCConfigurationList section */
		B8C74B99278753010089BE85 /* Build configuration list for PBXProject "RentCarApp" */ = {
			isa = XCConfigurationList;
			buildConfigurations = (
				B8C74BB0278753010089BE85 /* Debug */,
				B8C74BB1278753010089BE85 /* Release */,
			);
			defaultConfigurationIsVisible = 0;
			defaultConfigurationName = Release;
		};
		B8C74BB2278753010089BE85 /* Build configuration list for PBXNativeTarget "RentCarApp" */ = {
			isa = XCConfigurationList;
			buildConfigurations = (
				B8C74BB3278753010089BE85 /* Debug */,
				B8C74BB4278753010089BE85 /* Release */,
			);
			defaultConfigurationIsVisible = 0;
			defaultConfigurationName = Release;
		};
/* End XCConfigurationList section */
	};
	rootObject = B8C74B96278753010089BE85 /* Project object */;
}
